
Microsoft Visual Studio Solution File, Format Version 12.00
# Visual Studio Version 17
VisualStudioVersion = 17.0.32126.317
MinimumVisualStudioVersion = 10.0.40219.1
Project("{FAE04EC0-301F-11D3-BF4B-00C04F79EFBC}") = "El_Camello", "El_Camello\El_Camello.csproj", "{CFA71E42-1CFA-4407-B01D-527D5002825C}"
EndProject
Global
	GlobalSection(SolutionConfigurationPlatforms) = preSolution
		Debug|Any CPU = Debug|Any CPU
		Release|Any CPU = Release|Any CPU
	EndGlobalSection
	GlobalSection(ProjectConfigurationPlatforms) = postSolution
		{CFA71E42-1CFA-4407-B01D-527D5002825C}.Debug|Any CPU.ActiveCfg = Debug|Any CPU
		{CFA71E42-1CFA-4407-B01D-527D5002825C}.Debug|Any CPU.Build.0 = Debug|Any CPU
		{CFA71E42-1CFA-4407-B01D-527D5002825C}.Release|Any CPU.ActiveCfg = Release|Any CPU
		{CFA71E42-1CFA-4407-B01D-527D5002825C}.Release|Any CPU.Build.0 = Release|Any CPU
	EndGlobalSection
	GlobalSection(SolutionProperties) = preSolution
		HideSolutionNode = FALSE
	EndGlobalSection
	GlobalSection(ExtensibilityGlobals) = postSolution
		SolutionGuid = {5972732F-3FA5-4060-96D5-2BFCFD8BE775}
	EndGlobalSection
EndGlobal
